
Microsoft Visual Studio Solution File, Format Version 12.00
# Visual Studio Version 17
VisualStudioVersion = 17.13.35825.156 d17.13
MinimumVisualStudioVersion = 10.0.40219.1
Project("{FAE04EC0-301F-11D3-BF4B-00C04F79EFBC}") = "ChessLogic", "ChessLogic\ChessLogic.csproj", "{9D5CFD42-ADB0-4F13-8CE5-B404B8C3E601}"
EndProject
Project("{FAE04EC0-301F-11D3-BF4B-00C04F79EFBC}") = "ChessUI", "ChessUI\ChessUI.csproj", "{1F260E94-AA98-4E79-85AC-A54184C5E16D}"
EndProject
Global
	GlobalSection(SolutionConfigurationPlatforms) = preSolution
		Debug|Any CPU = Debug|Any CPU
		Release|Any CPU = Release|Any CPU
	EndGlobalSection
	GlobalSection(ProjectConfigurationPlatforms) = postSolution
		{9D5CFD42-ADB0-4F13-8CE5-B404B8C3E601}.Debug|Any CPU.ActiveCfg = Debug|Any CPU
		{9D5CFD42-ADB0-4F13-8CE5-B404B8C3E601}.Debug|Any CPU.Build.0 = Debug|Any CPU
		{9D5CFD42-ADB0-4F13-8CE5-B404B8C3E601}.Release|Any CPU.ActiveCfg = Release|Any CPU
		{9D5CFD42-ADB0-4F13-8CE5-B404B8C3E601}.Release|Any CPU.Build.0 = Release|Any CPU
		{1F260E94-AA98-4E79-85AC-A54184C5E16D}.Debug|Any CPU.ActiveCfg = Debug|Any CPU
		{1F260E94-AA98-4E79-85AC-A54184C5E16D}.Debug|Any CPU.Build.0 = Debug|Any CPU
		{1F260E94-AA98-4E79-85AC-A54184C5E16D}.Release|Any CPU.ActiveCfg = Release|Any CPU
		{1F260E94-AA98-4E79-85AC-A54184C5E16D}.Release|Any CPU.Build.0 = Release|Any CPU
	EndGlobalSection
	GlobalSection(SolutionProperties) = preSolution
		HideSolutionNode = FALSE
	EndGlobalSection
	GlobalSection(ExtensibilityGlobals) = postSolution
		SolutionGuid = {5B47C141-CB85-4FD0-B73C-92FFF5D2A539}
	EndGlobalSection
EndGlobal
